
Microsoft Visual Studio Solution File, Format Version 12.00
# Visual Studio Version 17
VisualStudioVersion = 17.4.33103.184
MinimumVisualStudioVersion = 10.0.40219.1
Project("{9A19103F-16F7-4668-BE54-9A1E7A4F7556}") = "HoloViewer", "HoloViewer\HoloViewer.csproj", "{0B17E522-9343-48B8-BCB0-B99C3D41B175}"
EndProject
Project("{2150E333-8FDC-42A3-9474-1A3956D46DE8}") = "ソリューション項目", "ソリューション項目", "{CC1C0F09-2B83-4BD5-A13C-0AC57251FF36}"
	ProjectSection(SolutionItems) = preProject
		.editorconfig = .editorconfig
	EndProjectSection
EndProject
Project("{9A19103F-16F7-4668-BE54-9A1E7A4F7556}") = "UpdateChecker", "UpdateChecker\UpdateChecker.csproj", "{AAC109D3-3A7A-4A11-B7AC-94E10B4750EA}"
	ProjectSection(ProjectDependencies) = postProject
		{DD9BE23C-7E6D-4EF8-AD4A-216A34E8E42F} = {DD9BE23C-7E6D-4EF8-AD4A-216A34E8E42F}
	EndProjectSection
EndProject
Project("{9A19103F-16F7-4668-BE54-9A1E7A4F7556}") = "UpdateCheckLibrary", "UpdateCheckLibrary\UpdateCheckLibrary.csproj", "{DD9BE23C-7E6D-4EF8-AD4A-216A34E8E42F}"
EndProject
Global
	GlobalSection(SolutionConfigurationPlatforms) = preSolution
		Debug|Any CPU = Debug|Any CPU
		Debug|x64 = Debug|x64
		Release|Any CPU = Release|Any CPU
		Release|x64 = Release|x64
	EndGlobalSection
	GlobalSection(ProjectConfigurationPlatforms) = postSolution
		{0B17E522-9343-48B8-BCB0-B99C3D41B175}.Debug|Any CPU.ActiveCfg = Debug|Any CPU
		{0B17E522-9343-48B8-BCB0-B99C3D41B175}.Debug|Any CPU.Build.0 = Debug|Any CPU
		{0B17E522-9343-48B8-BCB0-B99C3D41B175}.Debug|Any CPU.Deploy.0 = Debug|Any CPU
		{0B17E522-9343-48B8-BCB0-B99C3D41B175}.Debug|x64.ActiveCfg = Debug|Any CPU
		{0B17E522-9343-48B8-BCB0-B99C3D41B175}.Debug|x64.Build.0 = Debug|Any CPU
		{0B17E522-9343-48B8-BCB0-B99C3D41B175}.Debug|x64.Deploy.0 = Debug|Any CPU
		{0B17E522-9343-48B8-BCB0-B99C3D41B175}.Release|Any CPU.ActiveCfg = Release|Any CPU
		{0B17E522-9343-48B8-BCB0-B99C3D41B175}.Release|Any CPU.Build.0 = Release|Any CPU
		{0B17E522-9343-48B8-BCB0-B99C3D41B175}.Release|Any CPU.Deploy.0 = Release|Any CPU
		{0B17E522-9343-48B8-BCB0-B99C3D41B175}.Release|x64.ActiveCfg = Release|Any CPU
		{0B17E522-9343-48B8-BCB0-B99C3D41B175}.Release|x64.Build.0 = Release|Any CPU
		{0B17E522-9343-48B8-BCB0-B99C3D41B175}.Release|x64.Deploy.0 = Release|Any CPU
		{AAC109D3-3A7A-4A11-B7AC-94E10B4750EA}.Debug|Any CPU.ActiveCfg = Debug|Any CPU
		{AAC109D3-3A7A-4A11-B7AC-94E10B4750EA}.Debug|Any CPU.Build.0 = Debug|Any CPU
		{AAC109D3-3A7A-4A11-B7AC-94E10B4750EA}.Debug|x64.ActiveCfg = Debug|Any CPU
		{AAC109D3-3A7A-4A11-B7AC-94E10B4750EA}.Debug|x64.Build.0 = Debug|Any CPU
		{AAC109D3-3A7A-4A11-B7AC-94E10B4750EA}.Release|Any CPU.ActiveCfg = Release|Any CPU
		{AAC109D3-3A7A-4A11-B7AC-94E10B4750EA}.Release|Any CPU.Build.0 = Release|Any CPU
		{AAC109D3-3A7A-4A11-B7AC-94E10B4750EA}.Release|x64.ActiveCfg = Release|Any CPU
		{AAC109D3-3A7A-4A11-B7AC-94E10B4750EA}.Release|x64.Build.0 = Release|Any CPU
		{DD9BE23C-7E6D-4EF8-AD4A-216A34E8E42F}.Debug|Any CPU.ActiveCfg = Debug|Any CPU
		{DD9BE23C-7E6D-4EF8-AD4A-216A34E8E42F}.Debug|Any CPU.Build.0 = Debug|Any CPU
		{DD9BE23C-7E6D-4EF8-AD4A-216A34E8E42F}.Debug|x64.ActiveCfg = Debug|Any CPU
		{DD9BE23C-7E6D-4EF8-AD4A-216A34E8E42F}.Debug|x64.Build.0 = Debug|Any CPU
		{DD9BE23C-7E6D-4EF8-AD4A-216A34E8E42F}.Release|Any CPU.ActiveCfg = Release|Any CPU
		{DD9BE23C-7E6D-4EF8-AD4A-216A34E8E42F}.Release|Any CPU.Build.0 = Release|Any CPU
		{DD9BE23C-7E6D-4EF8-AD4A-216A34E8E42F}.Release|x64.ActiveCfg = Release|Any CPU
		{DD9BE23C-7E6D-4EF8-AD4A-216A34E8E42F}.Release|x64.Build.0 = Release|Any CPU
	EndGlobalSection
	GlobalSection(SolutionProperties) = preSolution
		HideSolutionNode = FALSE
	EndGlobalSection
	GlobalSection(ExtensibilityGlobals) = postSolution
		SolutionGuid = {343EEE93-8FB1-415C-BFA2-186E18680FD3}
		        SolutionGuid = {61F7FB11-1E47-470C-91E2-47F8143E1572}
	EndGlobalSection
EndGlobal
